// !$*UTF8*$!
{
	archiveVersion = 1;
	classes = {
	};
	objectVersion = 55;
	objects = {

/* Begin PBXBuildFile section */
		D78CDF0C277DCE8B00A8B2E0 /* AppDelegate.swift in Sources */ = {isa = PBXBuildFile; fileRef = D78CDF0B277DCE8B00A8B2E0 /* AppDelegate.swift */; };
		D78CDF0E277DCE8B00A8B2E0 /* SceneDelegate.swift in Sources */ = {isa = PBXBuildFile; fileRef = D78CDF0D277DCE8B00A8B2E0 /* SceneDelegate.swift */; };
		D78CDF13277DCE8B00A8B2E0 /* Main.storyboard in Resources */ = {isa = PBXBuildFile; fileRef = D78CDF11277DCE8B00A8B2E0 /* Main.storyboard */; };
		D78CDF16277DCE8B00A8B2E0 /* TableViewTest.xcdatamodeld in Sources */ = {isa = PBXBuildFile; fileRef = D78CDF14277DCE8B00A8B2E0 /* TableViewTest.xcdatamodeld */; };
		D78CDF18277DCE8B00A8B2E0 /* Assets.xcassets in Resources */ = {isa = PBXBuildFile; fileRef = D78CDF17277DCE8B00A8B2E0 /* Assets.xcassets */; };
		D78CDF1B277DCE8B00A8B2E0 /* LaunchScreen.storyboard in Resources */ = {isa = PBXBuildFile; fileRef = D78CDF19277DCE8B00A8B2E0 /* LaunchScreen.storyboard */; };
		D78CDF23277DD21400A8B2E0 /* TableViewController.swift in Sources */ = {isa = PBXBuildFile; fileRef = D78CDF22277DD21400A8B2E0 /* TableViewController.swift */; };
		D78CDF25277DD8A500A8B2E0 /* AddViewController.swift in Sources */ = {isa = PBXBuildFile; fileRef = D78CDF24277DD8A500A8B2E0 /* AddViewController.swift */; };
		D78CDF27277DD8BE00A8B2E0 /* DetailViewController.swift in Sources */ = {isa = PBXBuildFile; fileRef = D78CDF26277DD8BE00A8B2E0 /* DetailViewController.swift */; };
		D78CDF32277DDB1900A8B2E0 /* 4.JPG in Resources */ = {isa = PBXBuildFile; fileRef = D78CDF29277DDB1900A8B2E0 /* 4.JPG */; };
		D78CDF33277DDB1900A8B2E0 /* 8.JPG in Resources */ = {isa = PBXBuildFile; fileRef = D78CDF2A277DDB1900A8B2E0 /* 8.JPG */; };
		D78CDF34277DDB1900A8B2E0 /* 1.JPG in Resources */ = {isa = PBXBuildFile; fileRef = D78CDF2B277DDB1900A8B2E0 /* 1.JPG */; };
		D78CDF35277DDB1900A8B2E0 /* 2.JPG in Resources */ = {isa = PBXBuildFile; fileRef = D78CDF2C277DDB1900A8B2E0 /* 2.JPG */; };
		D78CDF36277DDB1900A8B2E0 /* 7.JPG in Resources */ = {isa = PBXBuildFile; fileRef = D78CDF2D277DDB1900A8B2E0 /* 7.JPG */; };
		D78CDF37277DDB1900A8B2E0 /* 9.JPG in Resources */ = {isa = PBXBuildFile; fileRef = D78CDF2E277DDB1900A8B2E0 /* 9.JPG */; };
		D78CDF38277DDB1900A8B2E0 /* 3.JPG in Resources */ = {isa = PBXBuildFile; fileRef = D78CDF2F277DDB1900A8B2E0 /* 3.JPG */; };
		D78CDF39277DDB1900A8B2E0 /* 6.JPG in Resources */ = {isa = PBXBuildFile; fileRef = D78CDF30277DDB1900A8B2E0 /* 6.JPG */; };
		D78CDF3A277DDB1900A8B2E0 /* 5.JPG in Resources */ = {isa = PBXBuildFile; fileRef = D78CDF31277DDB1900A8B2E0 /* 5.JPG */; };
/* End PBXBuildFile section */

/* Begin PBXFileReference section */
		D78CDF08277DCE8B00A8B2E0 /* TableViewTest.app */ = {isa = PBXFileReference; explicitFileType = wrapper.application; includeInIndex = 0; path = TableViewTest.app; sourceTree = BUILT_PRODUCTS_DIR; };
		D78CDF0B277DCE8B00A8B2E0 /* AppDelegate.swift */ = {isa = PBXFileReference; lastKnownFileType = sourcecode.swift; path = AppDelegate.swift; sourceTree = "<group>"; };
		D78CDF0D277DCE8B00A8B2E0 /* SceneDelegate.swift */ = {isa = PBXFileReference; lastKnownFileType = sourcecode.swift; path = SceneDelegate.swift; sourceTree = "<group>"; };
		D78CDF12277DCE8B00A8B2E0 /* Base */ = {isa = PBXFileReference; lastKnownFileType = file.storyboard; name = Base; path = Base.lproj/Main.storyboard; sourceTree = "<group>"; };
		D78CDF15277DCE8B00A8B2E0 /* TableViewTest.xcdatamodel */ = {isa = PBXFileReference; lastKnownFileType = wrapper.xcdatamodel; path = TableViewTest.xcdatamodel; sourceTree = "<group>"; };
		D78CDF17277DCE8B00A8B2E0 /* Assets.xcassets */ = {isa = PBXFileReference; lastKnownFileType = folder.assetcatalog; path = Assets.xcassets; sourceTree = "<group>"; };
		D78CDF1A277DCE8B00A8B2E0 /* Base */ = {isa = PBXFileReference; lastKnownFileType = file.storyboard; name = Base; path = Base.lproj/LaunchScreen.storyboard; sourceTree = "<group>"; };
		D78CDF1C277DCE8B00A8B2E0 /* Info.plist */ = {isa = PBXFileReference; lastKnownFileType = text.plist.xml; path = Info.plist; sourceTree = "<group>"; };
		D78CDF22277DD21400A8B2E0 /* TableViewController.swift */ = {isa = PBXFileReference; lastKnownFileType = sourcecode.swift; path = TableViewController.swift; sourceTree = "<group>"; };
		D78CDF24277DD8A500A8B2E0 /* AddViewController.swift */ = {isa = PBXFileReference; lastKnownFileType = sourcecode.swift; path = AddViewController.swift; sourceTree = "<group>"; };
		D78CDF26277DD8BE00A8B2E0 /* DetailViewController.swift */ = {isa = PBXFileReference; lastKnownFileType = sourcecode.swift; path = DetailViewController.swift; sourceTree = "<group>"; };
		D78CDF29277DDB1900A8B2E0 /* 4.JPG */ = {isa = PBXFileReference; lastKnownFileType = image.jpeg; path = 4.JPG; sourceTree = "<group>"; };
		D78CDF2A277DDB1900A8B2E0 /* 8.JPG */ = {isa = PBXFileReference; lastKnownFileType = image.jpeg; path = 8.JPG; sourceTree = "<group>"; };
		D78CDF2B277DDB1900A8B2E0 /* 1.JPG */ = {isa = PBXFileReference; lastKnownFileType = image.jpeg; path = 1.JPG; sourceTree = "<group>"; };
		D78CDF2C277DDB1900A8B2E0 /* 2.JPG */ = {isa = PBXFileReference; lastKnownFileType = image.jpeg; path = 2.JPG; sourceTree = "<group>"; };
		D78CDF2D277DDB1900A8B2E0 /* 7.JPG */ = {isa = PBXFileReference; lastKnownFileType = image.jpeg; path = 7.JPG; sourceTree = "<group>"; };
		D78CDF2E277DDB1900A8B2E0 /* 9.JPG */ = {isa = PBXFileReference; lastKnownFileType = image.jpeg; path = 9.JPG; sourceTree = "<group>"; };
		D78CDF2F277DDB1900A8B2E0 /* 3.JPG */ = {isa = PBXFileReference; lastKnownFileType = image.jpeg; path = 3.JPG; sourceTree = "<group>"; };
		D78CDF30277DDB1900A8B2E0 /* 6.JPG */ = {isa = PBXFileReference; lastKnownFileType = image.jpeg; path = 6.JPG; sourceTree = "<group>"; };
		D78CDF31277DDB1900A8B2E0 /* 5.JPG */ = {isa = PBXFileReference; lastKnownFileType = image.jpeg; path = 5.JPG; sourceTree = "<group>"; };
/* End PBXFileReference section */

/* Begin PBXFrameworksBuildPhase section */
		D78CDF05277DCE8B00A8B2E0 /* Frameworks */ = {
			isa = PBXFrameworksBuildPhase;
			buildActionMask = 2147483647;
			files = (
			);
			runOnlyForDeploymentPostprocessing = 0;
		};
/* End PBXFrameworksBuildPhase section */

/* Begin PBXGroup section */
		D78CDEFF277DCE8A00A8B2E0 = {
			isa = PBXGroup;
			children = (
				D78CDF0A277DCE8B00A8B2E0 /* TableViewTest */,
				D78CDF09277DCE8B00A8B2E0 /* Products */,
			);
			sourceTree = "<group>";
		};
		D78CDF09277DCE8B00A8B2E0 /* Products */ = {
			isa = PBXGroup;
			children = (
				D78CDF08277DCE8B00A8B2E0 /* TableViewTest.app */,
			);
			name = Products;
			sourceTree = "<group>";
		};
		D78CDF0A277DCE8B00A8B2E0 /* TableViewTest */ = {
			isa = PBXGroup;
			children = (
				D78CDF28277DDAAF00A8B2E0 /* Resources */,
				D78CDF0B277DCE8B00A8B2E0 /* AppDelegate.swift */,
				D78CDF0D277DCE8B00A8B2E0 /* SceneDelegate.swift */,
				D78CDF11277DCE8B00A8B2E0 /* Main.storyboard */,
				D78CDF22277DD21400A8B2E0 /* TableViewController.swift */,
				D78CDF24277DD8A500A8B2E0 /* AddViewController.swift */,
				D78CDF26277DD8BE00A8B2E0 /* DetailViewController.swift */,
				D78CDF17277DCE8B00A8B2E0 /* Assets.xcassets */,
				D78CDF19277DCE8B00A8B2E0 /* LaunchScreen.storyboard */,
				D78CDF1C277DCE8B00A8B2E0 /* Info.plist */,
				D78CDF14277DCE8B00A8B2E0 /* TableViewTest.xcdatamodeld */,
			);
			path = TableViewTest;
			sourceTree = "<group>";
		};
		D78CDF28277DDAAF00A8B2E0 /* Resources */ = {
			isa = PBXGroup;
			children = (
				D78CDF2B277DDB1900A8B2E0 /* 1.JPG */,
				D78CDF2C277DDB1900A8B2E0 /* 2.JPG */,
				D78CDF2F277DDB1900A8B2E0 /* 3.JPG */,
				D78CDF29277DDB1900A8B2E0 /* 4.JPG */,
				D78CDF31277DDB1900A8B2E0 /* 5.JPG */,
				D78CDF30277DDB1900A8B2E0 /* 6.JPG */,
				D78CDF2D277DDB1900A8B2E0 /* 7.JPG */,
				D78CDF2A277DDB1900A8B2E0 /* 8.JPG */,
				D78CDF2E277DDB1900A8B2E0 /* 9.JPG */,
			);
			path = Resources;
			sourceTree = "<group>";
		};
/* End PBXGroup section */

/* Begin PBXNativeTarget section */
		D78CDF07277DCE8B00A8B2E0 /* TableViewTest */ = {
			isa = PBXNativeTarget;
			buildConfigurationList = D78CDF1F277DCE8B00A8B2E0 /* Build configuration list for PBXNativeTarget "TableViewTest" */;
			buildPhases = (
				D78CDF04277DCE8B00A8B2E0 /* Sources */,
				D78CDF05277DCE8B00A8B2E0 /* Frameworks */,
				D78CDF06277DCE8B00A8B2E0 /* Resources */,
			);
			buildRules = (
			);
			dependencies = (
			);
			name = TableViewTest;
			productName = TableViewTest;
			productReference = D78CDF08277DCE8B00A8B2E0 /* TableViewTest.app */;
			productType = "com.apple.product-type.application";
		};
/* End PBXNativeTarget section */

/* Begin PBXProject section */
		D78CDF00277DCE8A00A8B2E0 /* Project object */ = {
			isa = PBXProject;
			attributes = {
				BuildIndependentTargetsInParallel = 1;
				LastSwiftUpdateCheck = 1320;
				LastUpgradeCheck = 1320;
				TargetAttributes = {
					D78CDF07277DCE8B00A8B2E0 = {
						CreatedOnToolsVersion = 13.2.1;
					};
				};
			};
			buildConfigurationList = D78CDF03277DCE8A00A8B2E0 /* Build configuration list for PBXProject "TableViewTest" */;
			compatibilityVersion = "Xcode 13.0";
			developmentRegion = en;
			hasScannedForEncodings = 0;
			knownRegions = (
				en,
				Base,
			);
			mainGroup = D78CDEFF277DCE8A00A8B2E0;
			productRefGroup = D78CDF09277DCE8B00A8B2E0 /* Products */;
			projectDirPath = "";
			projectRoot = "";
			targets = (
				D78CDF07277DCE8B00A8B2E0 /* TableViewTest */,
			);
		};
/* End PBXProject section */

/* Begin PBXResourcesBuildPhase section */
		D78CDF06277DCE8B00A8B2E0 /* Resources */ = {
			isa = PBXResourcesBuildPhase;
			buildActionMask = 2147483647;
			files = (
				D78CDF39277DDB1900A8B2E0 /* 6.JPG in Resources */,
				D78CDF32277DDB1900A8B2E0 /* 4.JPG in Resources */,
				D78CDF1B277DCE8B00A8B2E0 /* LaunchScreen.storyboard in Resources */,
				D78CDF18277DCE8B00A8B2E0 /* Assets.xcassets in Resources */,
				D78CDF38277DDB1900A8B2E0 /* 3.JPG in Resources */,
				D78CDF36277DDB1900A8B2E0 /* 7.JPG in Resources */,
				D78CDF34277DDB1900A8B2E0 /* 1.JPG in Resources */,
				D78CDF33277DDB1900A8B2E0 /* 8.JPG in Resources */,
				D78CDF37277DDB1900A8B2E0 /* 9.JPG in Resources */,
				D78CDF3A277DDB1900A8B2E0 /* 5.JPG in Resources */,
				D78CDF35277DDB1900A8B2E0 /* 2.JPG in Resources */,
				D78CDF13277DCE8B00A8B2E0 /* Main.storyboard in Resources */,
			);
			runOnlyForDeploymentPostprocessing = 0;
		};
/* End PBXResourcesBuildPhase section */

/* Begin PBXSourcesBuildPhase section */
		D78CDF04277DCE8B00A8B2E0 /* Sources */ = {
			isa = PBXSourcesBuildPhase;
			buildActionMask = 2147483647;
			files = (
				D78CDF25277DD8A500A8B2E0 /* AddViewController.swift in Sources */,
				D78CDF16277DCE8B00A8B2E0 /* TableViewTest.xcdatamodeld in Sources */,
				D78CDF0C277DCE8B00A8B2E0 /* AppDelegate.swift in Sources */,
				D78CDF27277DD8BE00A8B2E0 /* DetailViewController.swift in Sources */,
				D78CDF0E277DCE8B00A8B2E0 /* SceneDelegate.swift in Sources */,
				D78CDF23277DD21400A8B2E0 /* TableViewController.swift in Sources */,
			);
			runOnlyForDeploymentPostprocessing = 0;
		};
/* End PBXSourcesBuildPhase section */

/* Begin PBXVariantGroup section */
		D78CDF11277DCE8B00A8B2E0 /* Main.storyboard */ = {
			isa = PBXVariantGroup;
			children = (
				D78CDF12277DCE8B00A8B2E0 /* Base */,
			);
			name = Main.storyboard;
			sourceTree = "<group>";
		};
		D78CDF19277DCE8B00A8B2E0 /* LaunchScreen.storyboard */ = {
			isa = PBXVariantGroup;
			children = (
				D78CDF1A277DCE8B00A8B2E0 /* Base */,
			);
			name = LaunchScreen.storyboard;
			sourceTree = "<group>";
		};
/* End PBXVariantGroup section */

/* Begin XCBuildConfiguration section */
		D78CDF1D277DCE8B00A8B2E0 /* Debug */ = {
			isa = XCBuildConfiguration;
			buildSettings = {
				ALWAYS_SEARCH_USER_PATHS = NO;
				CLANG_ANALYZER_NONNULL = YES;
				CLANG_ANALYZER_NUMBER_OBJECT_CONVERSION = YES_AGGRESSIVE;
				CLANG_CXX_LANGUAGE_STANDARD = "gnu++17";
				CLANG_CXX_LIBRARY = "libc++";
				CLANG_ENABLE_MODULES = YES;
				CLANG_ENABLE_OBJC_ARC = YES;
				CLANG_ENABLE_OBJC_WEAK = YES;
				CLANG_WARN_BLOCK_CAPTURE_AUTORELEASING = YES;
				CLANG_WARN_BOOL_CONVERSION = YES;
				CLANG_WARN_COMMA = YES;
				CLANG_WARN_CONSTANT_CONVERSION = YES;
				CLANG_WARN_DEPRECATED_OBJC_IMPLEMENTATIONS = YES;
				CLANG_WARN_DIRECT_OBJC_ISA_USAGE = YES_ERROR;
				CLANG_WARN_DOCUMENTATION_COMMENTS = YES;
				CLANG_WARN_EMPTY_BODY = YES;
				CLANG_WARN_ENUM_CONVERSION = YES;
				CLANG_WARN_INFINITE_RECURSION = YES;
				CLANG_WARN_INT_CONVERSION = YES;
				CLANG_WARN_NON_LITERAL_NULL_CONVERSION = YES;
				CLANG_WARN_OBJC_IMPLICIT_RETAIN_SELF = YES;
				CLANG_WARN_OBJC_LITERAL_CONVERSION = YES;
				CLANG_WARN_OBJC_ROOT_CLASS = YES_ERROR;
				CLANG_WARN_QUOTED_INCLUDE_IN_FRAMEWORK_HEADER = YES;
				CLANG_WARN_RANGE_LOOP_ANALYSIS = YES;
				CLANG_WARN_STRICT_PROTOTYPES = YES;
				CLANG_WARN_SUSPICIOUS_MOVE = YES;
				CLANG_WARN_UNGUARDED_AVAILABILITY = YES_AGGRESSIVE;
				CLANG_WARN_UNREACHABLE_CODE = YES;
				CLANG_WARN__DUPLICATE_METHOD_MATCH = YES;
				COPY_PHASE_STRIP = NO;
				DEBUG_INFORMATION_FORMAT = dwarf;
				ENABLE_STRICT_OBJC_MSGSEND = YES;
				ENABLE_TESTABILITY = YES;
				GCC_C_LANGUAGE_STANDARD = gnu11;
				GCC_DYNAMIC_NO_PIC = NO;
				GCC_NO_COMMON_BLOCKS = YES;
				GCC_OPTIMIZATION_LEVEL = 0;
				GCC_PREPROCESSOR_DEFINITIONS = (
					"DEBUG=1",
					"$(inherited)",
				);
				GCC_WARN_64_TO_32_BIT_CONVERSION = YES;
				GCC_WARN_ABOUT_RETURN_TYPE = YES_ERROR;
				GCC_WARN_UNDECLARED_SELECTOR = YES;
				GCC_WARN_UNINITIALIZED_AUTOS = YES_AGGRESSIVE;
				GCC_WARN_UNUSED_FUNCTION = YES;
				GCC_WARN_UNUSED_VARIABLE = YES;
				IPHONEOS_DEPLOYMENT_TARGET = 15.2;
				MTL_ENABLE_DEBUG_INFO = INCLUDE_SOURCE;
				MTL_FAST_MATH = YES;
				ONLY_ACTIVE_ARCH = YES;
				SDKROOT = iphoneos;
				SWIFT_ACTIVE_COMPILATION_CONDITIONS = DEBUG;
				SWIFT_OPTIMIZATION_LEVEL = "-Onone";
			};
			name = Debug;
		};
		D78CDF1E277DCE8B00A8B2E0 /* Release */ = {
			isa = XCBuildConfiguration;
			buildSettings = {
				ALWAYS_SEARCH_USER_PATHS = NO;
				CLANG_ANALYZER_NONNULL = YES;
				CLANG_ANALYZER_NUMBER_OBJECT_CONVERSION = YES_AGGRESSIVE;
				CLANG_CXX_LANGUAGE_STANDARD = "gnu++17";
				CLANG_CXX_LIBRARY = "libc++";
				CLANG_ENABLE_MODULES = YES;
				CLANG_ENABLE_OBJC_ARC = YES;
				CLANG_ENABLE_OBJC_WEAK = YES;
				CLANG_WARN_BLOCK_CAPTURE_AUTORELEASING = YES;
				CLANG_WARN_BOOL_CONVERSION = YES;
				CLANG_WARN_COMMA = YES;
				CLANG_WARN_CONSTANT_CONVERSION = YES;
				CLANG_WARN_DEPRECATED_OBJC_IMPLEMENTATIONS = YES;
				CLANG_WARN_DIRECT_OBJC_ISA_USAGE = YES_ERROR;
				CLANG_WARN_DOCUMENTATION_COMMENTS = YES;
				CLANG_WARN_EMPTY_BODY = YES;
				CLANG_WARN_ENUM_CONVERSION = YES;
				CLANG_WARN_INFINITE_RECURSION = YES;
				CLANG_WARN_INT_CONVERSION = YES;
				CLANG_WARN_NON_LITERAL_NULL_CONVERSION = YES;
				CLANG_WARN_OBJC_IMPLICIT_RETAIN_SELF = YES;
				CLANG_WARN_OBJC_LITERAL_CONVERSION = YES;
				CLANG_WARN_OBJC_ROOT_CLASS = YES_ERROR;
				CLANG_WARN_QUOTED_INCLUDE_IN_FRAMEWORK_HEADER = YES;
				CLANG_WARN_RANGE_LOOP_ANALYSIS = YES;
				CLANG_WARN_STRICT_PROTOTYPES = YES;
				CLANG_WARN_SUSPICIOUS_MOVE = YES;
				CLANG_WARN_UNGUARDED_AVAILABILITY = YES_AGGRESSIVE;
				CLANG_WARN_UNREACHABLE_CODE = YES;
				CLANG_WARN__DUPLICATE_METHOD_MATCH = YES;
				COPY_PHASE_STRIP = NO;
				DEBUG_INFORMATION_FORMAT = "dwarf-with-dsym";
				ENABLE_NS_ASSERTIONS = NO;
				ENABLE_STRICT_OBJC_MSGSEND = YES;
				GCC_C_LANGUAGE_STANDARD = gnu11;
				GCC_NO_COMMON_BLOCKS = YES;
				GCC_WARN_64_TO_32_BIT_CONVERSION = YES;
				GCC_WARN_ABOUT_RETURN_TYPE = YES_ERROR;
				GCC_WARN_UNDECLARED_SELECTOR = YES;
				GCC_WARN_UNINITIALIZED_AUTOS = YES_AGGRESSIVE;
				GCC_WARN_UNUSED_FUNCTION = YES;
				GCC_WARN_UNUSED_VARIABLE = YES;
				IPHONEOS_DEPLOYMENT_TARGET = 15.2;
				MTL_ENABLE_DEBUG_INFO = NO;
				MTL_FAST_MATH = YES;
				SDKROOT = iphoneos;
				SWIFT_COMPILATION_MODE = wholemodule;
				SWIFT_OPTIMIZATION_LEVEL = "-O";
				VALIDATE_PRODUCT = YES;
			};
			name = Release;
		};
		D78CDF20277DCE8B00A8B2E0 /* Debug */ = {
			isa = XCBuildConfiguration;
			buildSettings = {
				ASSETCATALOG_COMPILER_APPICON_NAME = AppIcon;
				ASSETCATALOG_COMPILER_GLOBAL_ACCENT_COLOR_NAME = AccentColor;
				CODE_SIGN_STYLE = Automatic;
				CURRENT_PROJECT_VERSION = 1;
				DEVELOPMENT_TEAM = 7KFTL66425;
				GENERATE_INFOPLIST_FILE = YES;
				INFOPLIST_FILE = TableViewTest/Info.plist;
				INFOPLIST_KEY_UIApplicationSupportsIndirectInputEvents = YES;
				INFOPLIST_KEY_UILaunchStoryboardName = LaunchScreen;
				INFOPLIST_KEY_UIMainStoryboardFile = Main;
				INFOPLIST_KEY_UISupportedInterfaceOrientations_iPad = "UIInterfaceOrientationPortrait UIInterfaceOrientationPortraitUpsideDown UIInterfaceOrientationLandscapeLeft UIInterfaceOrientationLandscapeRight";
				INFOPLIST_KEY_UISupportedInterfaceOrientations_iPhone = "UIInterfaceOrientationPortrait UIInterfaceOrientationLandscapeLeft UIInterfaceOrientationLandscapeRight";
				LD_RUNPATH_SEARCH_PATHS = (
					"$(inherited)",
					"@executable_path/Frameworks",
				);
				MARKETING_VERSION = 1.0;
				PRODUCT_BUNDLE_IDENTIFIER = Home.TableViewTest;
				PRODUCT_NAME = "$(TARGET_NAME)";
				SWIFT_EMIT_LOC_STRINGS = YES;
				SWIFT_VERSION = 5.0;
				TARGETED_DEVICE_FAMILY = "1,2";
			};
			name = Debug;
		};
		D78CDF21277DCE8B00A8B2E0 /* Release */ = {
			isa = XCBuildConfiguration;
			buildSettings = {
				ASSETCATALOG_COMPILER_APPICON_NAME = AppIcon;
				ASSETCATALOG_COMPILER_GLOBAL_ACCENT_COLOR_NAME = AccentColor;
				CODE_SIGN_STYLE = Automatic;
				CURRENT_PROJECT_VERSION = 1;
				DEVELOPMENT_TEAM = 7KFTL66425;
				GENERATE_INFOPLIST_FILE = YES;
				INFOPLIST_FILE = TableViewTest/Info.plist;
				INFOPLIST_KEY_UIApplicationSupportsIndirectInputEvents = YES;
				INFOPLIST_KEY_UILaunchStoryboardName = LaunchScreen;
				INFOPLIST_KEY_UIMainStoryboardFile = Main;
				INFOPLIST_KEY_UISupportedInterfaceOrientations_iPad = "UIInterfaceOrientationPortrait UIInterfaceOrientationPortraitUpsideDown UIInterfaceOrientationLandscapeLeft UIInterfaceOrientationLandscapeRight";
				INFOPLIST_KEY_UISupportedInterfaceOrientations_iPhone = "UIInterfaceOrientationPortrait UIInterfaceOrientationLandscapeLeft UIInterfaceOrientationLandscapeRight";
				LD_RUNPATH_SEARCH_PATHS = (
					"$(inherited)",
					"@executable_path/Frameworks",
				);
				MARKETING_VERSION = 1.0;
				PRODUCT_BUNDLE_IDENTIFIER = Home.TableViewTest;
				PRODUCT_NAME = "$(TARGET_NAME)";
				SWIFT_EMIT_LOC_STRINGS = YES;
				SWIFT_VERSION = 5.0;
				TARGETED_DEVICE_FAMILY = "1,2";
			};
			name = Release;
		};
/* End XCBuildConfiguration section */

/* Begin XCConfigurationList section */
		D78CDF03277DCE8A00A8B2E0 /* Build configuration list for PBXProject "TableViewTest" */ = {
			isa = XCConfigurationList;
			buildConfigurations = (
				D78CDF1D277DCE8B00A8B2E0 /* Debug */,
				D78CDF1E277DCE8B00A8B2E0 /* Release */,
			);
			defaultConfigurationIsVisible = 0;
			defaultConfigurationName = Release;
		};
		D78CDF1F277DCE8B00A8B2E0 /* Build configuration list for PBXNativeTarget "TableViewTest" */ = {
			isa = XCConfigurationList;
			buildConfigurations = (
				D78CDF20277DCE8B00A8B2E0 /* Debug */,
				D78CDF21277DCE8B00A8B2E0 /* Release */,
			);
			defaultConfigurationIsVisible = 0;
			defaultConfigurationName = Release;
		};
/* End XCConfigurationList section */

/* Begin XCVersionGroup section */
		D78CDF14277DCE8B00A8B2E0 /* TableViewTest.xcdatamodeld */ = {
			isa = XCVersionGroup;
			children = (
				D78CDF15277DCE8B00A8B2E0 /* TableViewTest.xcdatamodel */,
			);
			currentVersion = D78CDF15277DCE8B00A8B2E0 /* TableViewTest.xcdatamodel */;
			path = TableViewTest.xcdatamodeld;
			sourceTree = "<group>";
			versionGroupType = wrapper.xcdatamodel;
		};
/* End XCVersionGroup section */
	};
	rootObject = D78CDF00277DCE8A00A8B2E0 /* Project object */;
}
